
Microsoft Visual Studio Solution File, Format Version 12.00
Project("{FAE04EC0-301F-11D3-BF4B-00C04F79EFBC}") = "VRPersistence", "VRPersistence\VRPersistence.csproj", "{3482C25C-7C78-4D83-A0D7-431433273B8B}"
EndProject
Global
	GlobalSection(SolutionConfigurationPlatforms) = preSolution
		Debug|Any CPU = Debug|Any CPU
		Release|Any CPU = Release|Any CPU
	EndGlobalSection
	GlobalSection(ProjectConfigurationPlatforms) = postSolution
		{3482C25C-7C78-4D83-A0D7-431433273B8B}.Debug|Any CPU.ActiveCfg = Debug|Any CPU
		{3482C25C-7C78-4D83-A0D7-431433273B8B}.Debug|Any CPU.Build.0 = Debug|Any CPU
		{3482C25C-7C78-4D83-A0D7-431433273B8B}.Release|Any CPU.ActiveCfg = Release|Any CPU
		{3482C25C-7C78-4D83-A0D7-431433273B8B}.Release|Any CPU.Build.0 = Release|Any CPU
	EndGlobalSection
EndGlobal
